github.com/felixge/httpsnoop v1.0.1/go.mod h1:m8KPJKqk1gH5J9DgRY2ASl2lWCfGKXixSwevea8zH2U=
github.com/felixge/httpsnoop v1.0.3 h1:s/nj+GCswXYzN5v2DpNMuMQYe+0DDwt5WVCU6CWBdXk=
github.com/felixge/httpsnoop v1.0.3/go.mod h1:m8KPJKqk1gH5J9DgRY2ASl2lWCfGKXixSwevea8zH2U=
github.com/golang-jwt/jwt v3.2.2+incompatible h1:IfV12K8xAKAnZqdXVzCZ+TOjboZ2keLg81eXfW3O+oY=
github.com/golang-jwt/jwt v3.2.2+incompatible/go.mod h1:8pz2t5EyA70fFQQSrl6XZXzqecmYZeUEB8OUGHkxJ+I=
github.com/gorilla/handlers v1.5.1 h1:9lRY6j8DEeeBT10CvO9hGW0gmky0BprnvDI5vfhUHH4=
github.com/gorilla/handlers v1.5.1/go.mod h1:t8XrUpc4KVXb7HGyJ4/cEnwQiaxrX/hz1Zv/4g96P1Q=
github.com/gorilla/mux v1.8.0 h1:i40aqfkR1h2SlN9hojwV5ZA91wcXFOvkdNIeFDP5koI=
github.com/gorilla/mux v1.8.0/go.mod h1:DVbg23sWSpFRCP0SfiEN6jmj59UnW/n46BH5rLB71So=
github.com/sushmitaw/joshpay/auth_service v0.0.0-20220726224702-138972b2b11e h1:WHXsRSX6bZVVziDBl+Ss85snV4uEqGnViHu/QHV1fu4=
github.com/sushmitaw/joshpay/auth_service v0.0.0-20220726224702-138972b2b11e/go.mod h1:qVxYVZYskvEUYIUeLifBdMB3bZpV0eDXLel7zJI+SSQ=
github.com/sushmitaw/joshpay/auth_service v0.0.0-20220726224926-5631ffb862da h1:7jFu69Zavs2tEnd3D0ZWOzLrQkRV0J7VpEbJtmImtRs=
github.com/sushmitaw/joshpay/auth_service v0.0.0-20220726224926-5631ffb862da/go.mod h1:qVxYVZYskvEUYIUeLifBdMB3bZpV0eDXLel7zJI+SSQ=
